
Microsoft Visual Studio Solution File, Format Version 12.00
Project("{FAE04EC0-301F-11D3-BF4B-00C04F79EFBC}") = "Form", "Form\Form.csproj", "{3682BFCB-5DD6-4E81-930E-79D72C818ED1}"
EndProject
Global
	GlobalSection(SolutionConfigurationPlatforms) = preSolution
		Debug|Any CPU = Debug|Any CPU
		Release|Any CPU = Release|Any CPU
	EndGlobalSection
	GlobalSection(ProjectConfigurationPlatforms) = postSolution
		{3682BFCB-5DD6-4E81-930E-79D72C818ED1}.Debug|Any CPU.ActiveCfg = Debug|Any CPU
		{3682BFCB-5DD6-4E81-930E-79D72C818ED1}.Debug|Any CPU.Build.0 = Debug|Any CPU
		{3682BFCB-5DD6-4E81-930E-79D72C818ED1}.Release|Any CPU.ActiveCfg = Release|Any CPU
		{3682BFCB-5DD6-4E81-930E-79D72C818ED1}.Release|Any CPU.Build.0 = Release|Any CPU
	EndGlobalSection
EndGlobal
